
Microsoft Visual Studio Solution File, Format Version 12.00
# Visual Studio Version 17
VisualStudioVersion = 17.0.31903.59
MinimumVisualStudioVersion = 10.0.40219.1
Project("{2150E333-8FDC-42A3-9474-1A3956D46DE8}") = "Backend", "Backend", "{5B8F0AA9-2DA3-4E1D-AE4E-058A4E584A2A}"
EndProject
Project("{2150E333-8FDC-42A3-9474-1A3956D46DE8}") = "0_Core", "0_Core", "{99020BEE-B160-46C9-937E-6267E981C5B0}"
EndProject
Project("{FAE04EC0-301F-11D3-BF4B-00C04F79EFBC}") = "Starter.Common", "Backend\0_Core\Common\Starter.Common.csproj", "{DB52A22A-4609-4742-90DD-3A9F19BF6681}"
EndProject
Project("{FAE04EC0-301F-11D3-BF4B-00C04F79EFBC}") = "Starter.Contracts", "Backend\0_Core\Contracts\Starter.Contracts.csproj", "{5F96C502-5A48-41B9-8D2D-48424794B6BC}"
EndProject
Project("{FAE04EC0-301F-11D3-BF4B-00C04F79EFBC}") = "Starter.Domain", "Backend\0_Core\Domain\Starter.Domain.csproj", "{A367FF28-A6E6-4768-BB9E-04EDC11BFA66}"
EndProject
Project("{FAE04EC0-301F-11D3-BF4B-00C04F79EFBC}") = "Starter.Messaging", "Backend\0_Core\Messaging\Starter.Messaging.csproj", "{E27827DC-F03A-48D3-A010-759BCC252487}"
EndProject
Project("{2150E333-8FDC-42A3-9474-1A3956D46DE8}") = "1_Infrastructure", "1_Infrastructure", "{47830C39-00ED-49A9-ACC3-755B228E4A81}"
EndProject
Project("{FAE04EC0-301F-11D3-BF4B-00C04F79EFBC}") = "Starter.Infrastructure", "Backend\1_Infrastructure\Infrastructure\Starter.Infrastructure.csproj", "{F7ECF875-9DBE-4ED8-AD18-BD3A3D75A096}"
EndProject
Project("{2150E333-8FDC-42A3-9474-1A3956D46DE8}") = "2_Application", "2_Application", "{A8573C18-81C2-4679-8D2C-1DBE42AB71CA}"
EndProject
Project("{FAE04EC0-301F-11D3-BF4B-00C04F79EFBC}") = "Starter.Services.Abstractions", "Backend\2_Application\Services.Abstractions\Starter.Services.Abstractions.csproj", "{E8394641-5F86-4C15-AD60-662CB61DE5F8}"
EndProject
Project("{FAE04EC0-301F-11D3-BF4B-00C04F79EFBC}") = "Starter.Services", "Backend\2_Application\Services\Starter.Services.csproj", "{EF4A364C-C462-46FD-B324-363CB571CFBC}"
EndProject
Project("{2150E333-8FDC-42A3-9474-1A3956D46DE8}") = "3_Run", "3_Run", "{948991F5-CD67-4E25-AC13-AC8E2A2F1DB4}"
EndProject
Project("{FAE04EC0-301F-11D3-BF4B-00C04F79EFBC}") = "Starter.Web", "Backend\3_Run\Web\Starter.Web.csproj", "{C4BEEB82-3DBC-4A6C-8D82-79CD1EB37035}"
EndProject
Project("{FAE04EC0-301F-11D3-BF4B-00C04F79EFBC}") = "Starter.ServiceBus", "Backend\3_Run\ServiceBus\Starter.ServiceBus.csproj", "{A90F236F-5116-4D6E-BC79-6C67CFF07777}"
EndProject
Project("{2150E333-8FDC-42A3-9474-1A3956D46DE8}") = "Tests", "Tests", "{0644798D-D543-4735-B918-CEA0DE9C700C}"
EndProject
Project("{FAE04EC0-301F-11D3-BF4B-00C04F79EFBC}") = "Starter.AcceptanceTests", "Backend\Tests\AcceptanceTests\Starter.AcceptanceTests.csproj", "{890358E0-4BF2-4D2B-9854-F18161904F69}"
EndProject
Project("{FAE04EC0-301F-11D3-BF4B-00C04F79EFBC}") = "Starter.UnitTests", "Backend\Tests\UnitTests\Starter.UnitTests.csproj", "{6D2E27ED-F5DC-497E-B861-AC8E69CEF5E0}"
EndProject
Global
	GlobalSection(SolutionConfigurationPlatforms) = preSolution
		Debug|Any CPU = Debug|Any CPU
		Release|Any CPU = Release|Any CPU
	EndGlobalSection
	GlobalSection(SolutionProperties) = preSolution
		HideSolutionNode = FALSE
	EndGlobalSection
	GlobalSection(ProjectConfigurationPlatforms) = postSolution
		{DB52A22A-4609-4742-90DD-3A9F19BF6681}.Debug|Any CPU.ActiveCfg = Debug|Any CPU
		{DB52A22A-4609-4742-90DD-3A9F19BF6681}.Debug|Any CPU.Build.0 = Debug|Any CPU
		{DB52A22A-4609-4742-90DD-3A9F19BF6681}.Release|Any CPU.ActiveCfg = Release|Any CPU
		{DB52A22A-4609-4742-90DD-3A9F19BF6681}.Release|Any CPU.Build.0 = Release|Any CPU
		{5F96C502-5A48-41B9-8D2D-48424794B6BC}.Debug|Any CPU.ActiveCfg = Debug|Any CPU
		{5F96C502-5A48-41B9-8D2D-48424794B6BC}.Debug|Any CPU.Build.0 = Debug|Any CPU
		{5F96C502-5A48-41B9-8D2D-48424794B6BC}.Release|Any CPU.ActiveCfg = Release|Any CPU
		{5F96C502-5A48-41B9-8D2D-48424794B6BC}.Release|Any CPU.Build.0 = Release|Any CPU
		{A367FF28-A6E6-4768-BB9E-04EDC11BFA66}.Debug|Any CPU.ActiveCfg = Debug|Any CPU
		{A367FF28-A6E6-4768-BB9E-04EDC11BFA66}.Debug|Any CPU.Build.0 = Debug|Any CPU
		{A367FF28-A6E6-4768-BB9E-04EDC11BFA66}.Release|Any CPU.ActiveCfg = Release|Any CPU
		{A367FF28-A6E6-4768-BB9E-04EDC11BFA66}.Release|Any CPU.Build.0 = Release|Any CPU
		{E27827DC-F03A-48D3-A010-759BCC252487}.Debug|Any CPU.ActiveCfg = Debug|Any CPU
		{E27827DC-F03A-48D3-A010-759BCC252487}.Debug|Any CPU.Build.0 = Debug|Any CPU
		{E27827DC-F03A-48D3-A010-759BCC252487}.Release|Any CPU.ActiveCfg = Release|Any CPU
		{E27827DC-F03A-48D3-A010-759BCC252487}.Release|Any CPU.Build.0 = Release|Any CPU
		{F7ECF875-9DBE-4ED8-AD18-BD3A3D75A096}.Debug|Any CPU.ActiveCfg = Debug|Any CPU
		{F7ECF875-9DBE-4ED8-AD18-BD3A3D75A096}.Debug|Any CPU.Build.0 = Debug|Any CPU
		{F7ECF875-9DBE-4ED8-AD18-BD3A3D75A096}.Release|Any CPU.ActiveCfg = Release|Any CPU
		{F7ECF875-9DBE-4ED8-AD18-BD3A3D75A096}.Release|Any CPU.Build.0 = Release|Any CPU
		{E8394641-5F86-4C15-AD60-662CB61DE5F8}.Debug|Any CPU.ActiveCfg = Debug|Any CPU
		{E8394641-5F86-4C15-AD60-662CB61DE5F8}.Debug|Any CPU.Build.0 = Debug|Any CPU
		{E8394641-5F86-4C15-AD60-662CB61DE5F8}.Release|Any CPU.ActiveCfg = Release|Any CPU
		{E8394641-5F86-4C15-AD60-662CB61DE5F8}.Release|Any CPU.Build.0 = Release|Any CPU
		{EF4A364C-C462-46FD-B324-363CB571CFBC}.Debug|Any CPU.ActiveCfg = Debug|Any CPU
		{EF4A364C-C462-46FD-B324-363CB571CFBC}.Debug|Any CPU.Build.0 = Debug|Any CPU
		{EF4A364C-C462-46FD-B324-363CB571CFBC}.Release|Any CPU.ActiveCfg = Release|Any CPU
		{EF4A364C-C462-46FD-B324-363CB571CFBC}.Release|Any CPU.Build.0 = Release|Any CPU
		{C4BEEB82-3DBC-4A6C-8D82-79CD1EB37035}.Debug|Any CPU.ActiveCfg = Debug|Any CPU
		{C4BEEB82-3DBC-4A6C-8D82-79CD1EB37035}.Debug|Any CPU.Build.0 = Debug|Any CPU
		{C4BEEB82-3DBC-4A6C-8D82-79CD1EB37035}.Release|Any CPU.ActiveCfg = Release|Any CPU
		{C4BEEB82-3DBC-4A6C-8D82-79CD1EB37035}.Release|Any CPU.Build.0 = Release|Any CPU
		{A90F236F-5116-4D6E-BC79-6C67CFF07777}.Debug|Any CPU.ActiveCfg = Debug|Any CPU
		{A90F236F-5116-4D6E-BC79-6C67CFF07777}.Debug|Any CPU.Build.0 = Debug|Any CPU
		{A90F236F-5116-4D6E-BC79-6C67CFF07777}.Release|Any CPU.ActiveCfg = Release|Any CPU
		{A90F236F-5116-4D6E-BC79-6C67CFF07777}.Release|Any CPU.Build.0 = Release|Any CPU
		{890358E0-4BF2-4D2B-9854-F18161904F69}.Debug|Any CPU.ActiveCfg = Debug|Any CPU
		{890358E0-4BF2-4D2B-9854-F18161904F69}.Debug|Any CPU.Build.0 = Debug|Any CPU
		{890358E0-4BF2-4D2B-9854-F18161904F69}.Release|Any CPU.ActiveCfg = Release|Any CPU
		{890358E0-4BF2-4D2B-9854-F18161904F69}.Release|Any CPU.Build.0 = Release|Any CPU
		{6D2E27ED-F5DC-497E-B861-AC8E69CEF5E0}.Debug|Any CPU.ActiveCfg = Debug|Any CPU
		{6D2E27ED-F5DC-497E-B861-AC8E69CEF5E0}.Debug|Any CPU.Build.0 = Debug|Any CPU
		{6D2E27ED-F5DC-497E-B861-AC8E69CEF5E0}.Release|Any CPU.ActiveCfg = Release|Any CPU
		{6D2E27ED-F5DC-497E-B861-AC8E69CEF5E0}.Release|Any CPU.Build.0 = Release|Any CPU
	EndGlobalSection
	GlobalSection(NestedProjects) = preSolution
		{99020BEE-B160-46C9-937E-6267E981C5B0} = {5B8F0AA9-2DA3-4E1D-AE4E-058A4E584A2A}
		{DB52A22A-4609-4742-90DD-3A9F19BF6681} = {99020BEE-B160-46C9-937E-6267E981C5B0}
		{5F96C502-5A48-41B9-8D2D-48424794B6BC} = {99020BEE-B160-46C9-937E-6267E981C5B0}
		{A367FF28-A6E6-4768-BB9E-04EDC11BFA66} = {99020BEE-B160-46C9-937E-6267E981C5B0}
		{E27827DC-F03A-48D3-A010-759BCC252487} = {99020BEE-B160-46C9-937E-6267E981C5B0}
		{47830C39-00ED-49A9-ACC3-755B228E4A81} = {5B8F0AA9-2DA3-4E1D-AE4E-058A4E584A2A}
		{F7ECF875-9DBE-4ED8-AD18-BD3A3D75A096} = {47830C39-00ED-49A9-ACC3-755B228E4A81}
		{A8573C18-81C2-4679-8D2C-1DBE42AB71CA} = {5B8F0AA9-2DA3-4E1D-AE4E-058A4E584A2A}
		{E8394641-5F86-4C15-AD60-662CB61DE5F8} = {A8573C18-81C2-4679-8D2C-1DBE42AB71CA}
		{EF4A364C-C462-46FD-B324-363CB571CFBC} = {A8573C18-81C2-4679-8D2C-1DBE42AB71CA}
		{948991F5-CD67-4E25-AC13-AC8E2A2F1DB4} = {5B8F0AA9-2DA3-4E1D-AE4E-058A4E584A2A}
		{C4BEEB82-3DBC-4A6C-8D82-79CD1EB37035} = {948991F5-CD67-4E25-AC13-AC8E2A2F1DB4}
		{A90F236F-5116-4D6E-BC79-6C67CFF07777} = {948991F5-CD67-4E25-AC13-AC8E2A2F1DB4}
		{0644798D-D543-4735-B918-CEA0DE9C700C} = {5B8F0AA9-2DA3-4E1D-AE4E-058A4E584A2A}
		{890358E0-4BF2-4D2B-9854-F18161904F69} = {0644798D-D543-4735-B918-CEA0DE9C700C}
		{6D2E27ED-F5DC-497E-B861-AC8E69CEF5E0} = {0644798D-D543-4735-B918-CEA0DE9C700C}
	EndGlobalSection
EndGlobal
